
Microsoft Visual Studio Solution File, Format Version 12.00
# Visual Studio Version 16
VisualStudioVersion = 16.0.32228.343
MinimumVisualStudioVersion = 10.0.40219.1
Project("{FAE04EC0-301F-11D3-BF4B-00C04F79EFBC}") = "cinema_bdsql", "cinema_bdsql\cinema_bdsql.csproj", "{1AC01D0A-5A1C-45C1-AC88-1F8DE432B6DD}"
EndProject
Global
	GlobalSection(SolutionConfigurationPlatforms) = preSolution
		Debug|Any CPU = Debug|Any CPU
		Release|Any CPU = Release|Any CPU
	EndGlobalSection
	GlobalSection(ProjectConfigurationPlatforms) = postSolution
		{1AC01D0A-5A1C-45C1-AC88-1F8DE432B6DD}.Debug|Any CPU.ActiveCfg = Debug|Any CPU
		{1AC01D0A-5A1C-45C1-AC88-1F8DE432B6DD}.Debug|Any CPU.Build.0 = Debug|Any CPU
		{1AC01D0A-5A1C-45C1-AC88-1F8DE432B6DD}.Release|Any CPU.ActiveCfg = Release|Any CPU
		{1AC01D0A-5A1C-45C1-AC88-1F8DE432B6DD}.Release|Any CPU.Build.0 = Release|Any CPU
	EndGlobalSection
	GlobalSection(SolutionProperties) = preSolution
		HideSolutionNode = FALSE
	EndGlobalSection
	GlobalSection(ExtensibilityGlobals) = postSolution
		SolutionGuid = {A6718226-182C-4DF0-B9B6-6228CFDE83BD}
	EndGlobalSection
EndGlobal
